
Microsoft Visual Studio Solution File, Format Version 12.00
# Visual Studio Version 16
VisualStudioVersion = 16.0.30114.105
MinimumVisualStudioVersion = 10.0.40219.1
Project("{FAE04EC0-301F-11D3-BF4B-00C04F79EFBC}") = "MyApp.Client", "MyApp.Client\MyApp.Client.csproj", "{8185D469-1F18-46D1-A617-8618893FDC5A}"
EndProject
Project("{FAE04EC0-301F-11D3-BF4B-00C04F79EFBC}") = "MyApp.Components", "MyApp.Components\MyApp.Components.csproj", "{7ACBC212-939F-44DC-93F8-6BA365EDB36A}"
EndProject
Global
	GlobalSection(SolutionConfigurationPlatforms) = preSolution
		Debug|Any CPU = Debug|Any CPU
		Debug|x64 = Debug|x64
		Debug|x86 = Debug|x86
		Release|Any CPU = Release|Any CPU
		Release|x64 = Release|x64
		Release|x86 = Release|x86
	EndGlobalSection
	GlobalSection(SolutionProperties) = preSolution
		HideSolutionNode = FALSE
	EndGlobalSection
	GlobalSection(ProjectConfigurationPlatforms) = postSolution
		{8185D469-1F18-46D1-A617-8618893FDC5A}.Debug|Any CPU.ActiveCfg = Debug|Any CPU
		{8185D469-1F18-46D1-A617-8618893FDC5A}.Debug|Any CPU.Build.0 = Debug|Any CPU
		{8185D469-1F18-46D1-A617-8618893FDC5A}.Debug|x64.ActiveCfg = Debug|Any CPU
		{8185D469-1F18-46D1-A617-8618893FDC5A}.Debug|x64.Build.0 = Debug|Any CPU
		{8185D469-1F18-46D1-A617-8618893FDC5A}.Debug|x86.ActiveCfg = Debug|Any CPU
		{8185D469-1F18-46D1-A617-8618893FDC5A}.Debug|x86.Build.0 = Debug|Any CPU
		{8185D469-1F18-46D1-A617-8618893FDC5A}.Release|Any CPU.ActiveCfg = Release|Any CPU
		{8185D469-1F18-46D1-A617-8618893FDC5A}.Release|Any CPU.Build.0 = Release|Any CPU
		{8185D469-1F18-46D1-A617-8618893FDC5A}.Release|x64.ActiveCfg = Release|Any CPU
		{8185D469-1F18-46D1-A617-8618893FDC5A}.Release|x64.Build.0 = Release|Any CPU
		{8185D469-1F18-46D1-A617-8618893FDC5A}.Release|x86.ActiveCfg = Release|Any CPU
		{8185D469-1F18-46D1-A617-8618893FDC5A}.Release|x86.Build.0 = Release|Any CPU
		{7ACBC212-939F-44DC-93F8-6BA365EDB36A}.Debug|Any CPU.ActiveCfg = Debug|Any CPU
		{7ACBC212-939F-44DC-93F8-6BA365EDB36A}.Debug|Any CPU.Build.0 = Debug|Any CPU
		{7ACBC212-939F-44DC-93F8-6BA365EDB36A}.Debug|x64.ActiveCfg = Debug|Any CPU
		{7ACBC212-939F-44DC-93F8-6BA365EDB36A}.Debug|x64.Build.0 = Debug|Any CPU
		{7ACBC212-939F-44DC-93F8-6BA365EDB36A}.Debug|x86.ActiveCfg = Debug|Any CPU
		{7ACBC212-939F-44DC-93F8-6BA365EDB36A}.Debug|x86.Build.0 = Debug|Any CPU
		{7ACBC212-939F-44DC-93F8-6BA365EDB36A}.Release|Any CPU.ActiveCfg = Release|Any CPU
		{7ACBC212-939F-44DC-93F8-6BA365EDB36A}.Release|Any CPU.Build.0 = Release|Any CPU
		{7ACBC212-939F-44DC-93F8-6BA365EDB36A}.Release|x64.ActiveCfg = Release|Any CPU
		{7ACBC212-939F-44DC-93F8-6BA365EDB36A}.Release|x64.Build.0 = Release|Any CPU
		{7ACBC212-939F-44DC-93F8-6BA365EDB36A}.Release|x86.ActiveCfg = Release|Any CPU
		{7ACBC212-939F-44DC-93F8-6BA365EDB36A}.Release|x86.Build.0 = Release|Any CPU
	EndGlobalSection
EndGlobal
